
Microsoft Visual Studio Solution File, Format Version 12.00
# Visual Studio Version 16
VisualStudioVersion = 16.0.32106.194
MinimumVisualStudioVersion = 10.0.40219.1
Project("{FAE04EC0-301F-11D3-BF4B-00C04F79EFBC}") = "WebApplicationExpenseTracker", "WebApplicationExpenseTracker.csproj", "{D22464E1-A712-4621-B9BC-86D6502A3E57}"
EndProject
Global
	GlobalSection(SolutionConfigurationPlatforms) = preSolution
		Debug|Any CPU = Debug|Any CPU
		Release|Any CPU = Release|Any CPU
	EndGlobalSection
	GlobalSection(ProjectConfigurationPlatforms) = postSolution
		{D22464E1-A712-4621-B9BC-86D6502A3E57}.Debug|Any CPU.ActiveCfg = Debug|Any CPU
		{D22464E1-A712-4621-B9BC-86D6502A3E57}.Debug|Any CPU.Build.0 = Debug|Any CPU
		{D22464E1-A712-4621-B9BC-86D6502A3E57}.Release|Any CPU.ActiveCfg = Release|Any CPU
		{D22464E1-A712-4621-B9BC-86D6502A3E57}.Release|Any CPU.Build.0 = Release|Any CPU
	EndGlobalSection
	GlobalSection(SolutionProperties) = preSolution
		HideSolutionNode = FALSE
	EndGlobalSection
	GlobalSection(ExtensibilityGlobals) = postSolution
		SolutionGuid = {5400D3C1-2103-41E5-B57E-213FF177AF5E}
	EndGlobalSection
EndGlobal
